DEPENDENCIES
  java
  meetings_recorder
    git: git@github.com:peertransfer/meetings_recorder-cookbook.git
    revision: 33627c79694eaac07e6d51356805e3c8088a09aa
  rabbitmq
  redisio
  ruby_build
  ruby_rbenv

GRAPH
  apt (2.8.2)
  build-essential (2.2.4)
  chef_handler (1.2.0)
  chrome (1.0.12)
  dmg (2.2.2)
  erlang (1.5.8)
    apt (>= 1.7.0)
    build-essential (>= 0.0.0)
    yum (~> 3.0)
    yum-epel (>= 0.0.0)
    yum-erlang_solutions (>= 0.0.0)
  ffmpeg (0.4.4)
    build-essential (>= 0.0.0)
    git (>= 0.0.0)
    libvpx (>= 0.0.0)
    x264 (>= 0.0.0)
    yasm (>= 0.0.0)
  git (4.3.4)
    build-essential (>= 0.0.0)
    dmg (>= 0.0.0)
    windows (>= 0.0.0)
    yum-epel (>= 0.0.0)
  java (1.35.0)
  libvpx (1.2.2)
    build-essential (>= 0.0.0)
    git (>= 0.0.0)
    yasm (>= 0.0.0)
  meetings_recorder (0.1.0)
    apt (>= 0.0.0)
    chrome (~> 1.0.12)
    ffmpeg (~> 0.4.4)
    selenium (~> 2.4.2)
  rabbitmq (4.4.0)
    erlang (~> 1.5.0)
    yum-epel (>= 0.0.0)
    yum-erlang_solutions (>= 0.0.0)
  redisio (2.3.0)
    build-essential (>= 0.0.0)
    ulimit (>= 0.1.2)
  ruby_build (0.8.0)
  ruby_rbenv (1.0.0)
    java (> 1.4.0)
    ruby_build (>= 0.0.0)
  selenium (2.4.2)
  ulimit (0.3.3)
  windows (1.38.2)
    chef_handler (>= 0.0.0)
  x264 (0.6.0)
    build-essential (>= 0.0.0)
    git (>= 0.0.0)
    yasm (>= 0.0.0)
  yasm (1.0.3)
    build-essential (>= 0.0.0)
    git (>= 0.0.0)
  yum (3.8.1)
  yum-epel (0.6.3)
    yum (~> 3.2)
  yum-erlang_solutions (0.2.2)
    yum (~> 3.2)
